
Microsoft Visual Studio Solution File, Format Version 12.00
# Visual Studio Version 16
VisualStudioVersion = 16.0.31229.75
MinimumVisualStudioVersion = 10.0.40219.1
Project("{FAE04EC0-301F-11D3-BF4B-00C04F79EFBC}") = "ScanApp.Android", "ScanApp\ScanApp.Android\ScanApp.Android.csproj", "{2F683AF1-5E70-45D6-92C2-045EA7A5CA0C}"
EndProject
Project("{FAE04EC0-301F-11D3-BF4B-00C04F79EFBC}") = "ScanApp.iOS", "ScanApp\ScanApp.iOS\ScanApp.iOS.csproj", "{71A6C0EA-C0E4-4832-BD7F-2D6B324B9901}"
EndProject
Project("{FAE04EC0-301F-11D3-BF4B-00C04F79EFBC}") = "ScanApp", "ScanApp\ScanApp\ScanApp.csproj", "{C0537807-457D-4810-BC1F-E591FB0AFC6C}"
EndProject
Global
	GlobalSection(SolutionConfigurationPlatforms) = preSolution
		Debug|Any CPU = Debug|Any CPU
		Debug|iPhone = Debug|iPhone
		Debug|iPhoneSimulator = Debug|iPhoneSimulator
		Release|Any CPU = Release|Any CPU
		Release|iPhone = Release|iPhone
		Release|iPhoneSimulator = Release|iPhoneSimulator
	EndGlobalSection
	GlobalSection(ProjectConfigurationPlatforms) = postSolution
		{2F683AF1-5E70-45D6-92C2-045EA7A5CA0C}.Debug|Any CPU.ActiveCfg = Debug|Any CPU
		{2F683AF1-5E70-45D6-92C2-045EA7A5CA0C}.Debug|Any CPU.Build.0 = Debug|Any CPU
		{2F683AF1-5E70-45D6-92C2-045EA7A5CA0C}.Debug|Any CPU.Deploy.0 = Debug|Any CPU
		{2F683AF1-5E70-45D6-92C2-045EA7A5CA0C}.Debug|iPhone.ActiveCfg = Debug|Any CPU
		{2F683AF1-5E70-45D6-92C2-045EA7A5CA0C}.Debug|iPhone.Build.0 = Debug|Any CPU
		{2F683AF1-5E70-45D6-92C2-045EA7A5CA0C}.Debug|iPhone.Deploy.0 = Debug|Any CPU
		{2F683AF1-5E70-45D6-92C2-045EA7A5CA0C}.Debug|iPhoneSimulator.ActiveCfg = Debug|Any CPU
		{2F683AF1-5E70-45D6-92C2-045EA7A5CA0C}.Debug|iPhoneSimulator.Build.0 = Debug|Any CPU
		{2F683AF1-5E70-45D6-92C2-045EA7A5CA0C}.Debug|iPhoneSimulator.Deploy.0 = Debug|Any CPU
		{2F683AF1-5E70-45D6-92C2-045EA7A5CA0C}.Release|Any CPU.ActiveCfg = Release|Any CPU
		{2F683AF1-5E70-45D6-92C2-045EA7A5CA0C}.Release|Any CPU.Build.0 = Release|Any CPU
		{2F683AF1-5E70-45D6-92C2-045EA7A5CA0C}.Release|Any CPU.Deploy.0 = Release|Any CPU
		{2F683AF1-5E70-45D6-92C2-045EA7A5CA0C}.Release|iPhone.ActiveCfg = Release|Any CPU
		{2F683AF1-5E70-45D6-92C2-045EA7A5CA0C}.Release|iPhone.Build.0 = Release|Any CPU
		{2F683AF1-5E70-45D6-92C2-045EA7A5CA0C}.Release|iPhone.Deploy.0 = Release|Any CPU
		{2F683AF1-5E70-45D6-92C2-045EA7A5CA0C}.Release|iPhoneSimulator.ActiveCfg = Release|Any CPU
		{2F683AF1-5E70-45D6-92C2-045EA7A5CA0C}.Release|iPhoneSimulator.Build.0 = Release|Any CPU
		{2F683AF1-5E70-45D6-92C2-045EA7A5CA0C}.Release|iPhoneSimulator.Deploy.0 = Release|Any CPU
		{71A6C0EA-C0E4-4832-BD7F-2D6B324B9901}.Debug|Any CPU.ActiveCfg = Debug|iPhone
		{71A6C0EA-C0E4-4832-BD7F-2D6B324B9901}.Debug|Any CPU.Build.0 = Debug|iPhone
		{71A6C0EA-C0E4-4832-BD7F-2D6B324B9901}.Debug|Any CPU.Deploy.0 = Debug|iPhone
		{71A6C0EA-C0E4-4832-BD7F-2D6B324B9901}.Debug|iPhone.ActiveCfg = Debug|iPhone
		{71A6C0EA-C0E4-4832-BD7F-2D6B324B9901}.Debug|iPhone.Build.0 = Debug|iPhone
		{71A6C0EA-C0E4-4832-BD7F-2D6B324B9901}.Debug|iPhone.Deploy.0 = Debug|iPhone
		{71A6C0EA-C0E4-4832-BD7F-2D6B324B9901}.Debug|iPhoneSimulator.ActiveCfg = Debug|iPhoneSimulator
		{71A6C0EA-C0E4-4832-BD7F-2D6B324B9901}.Debug|iPhoneSimulator.Build.0 = Debug|iPhoneSimulator
		{71A6C0EA-C0E4-4832-BD7F-2D6B324B9901}.Debug|iPhoneSimulator.Deploy.0 = Debug|iPhoneSimulator
		{71A6C0EA-C0E4-4832-BD7F-2D6B324B9901}.Release|Any CPU.ActiveCfg = Release|iPhoneSimulator
		{71A6C0EA-C0E4-4832-BD7F-2D6B324B9901}.Release|Any CPU.Build.0 = Release|iPhoneSimulator
		{71A6C0EA-C0E4-4832-BD7F-2D6B324B9901}.Release|Any CPU.Deploy.0 = Release|iPhoneSimulator
		{71A6C0EA-C0E4-4832-BD7F-2D6B324B9901}.Release|iPhone.ActiveCfg = Release|iPhone
		{71A6C0EA-C0E4-4832-BD7F-2D6B324B9901}.Release|iPhone.Build.0 = Release|iPhone
		{71A6C0EA-C0E4-4832-BD7F-2D6B324B9901}.Release|iPhone.Deploy.0 = Release|iPhone
		{71A6C0EA-C0E4-4832-BD7F-2D6B324B9901}.Release|iPhoneSimulator.ActiveCfg = Release|iPhoneSimulator
		{71A6C0EA-C0E4-4832-BD7F-2D6B324B9901}.Release|iPhoneSimulator.Build.0 = Release|iPhoneSimulator
		{71A6C0EA-C0E4-4832-BD7F-2D6B324B9901}.Release|iPhoneSimulator.Deploy.0 = Release|iPhoneSimulator
		{C0537807-457D-4810-BC1F-E591FB0AFC6C}.Debug|Any CPU.ActiveCfg = Debug|Any CPU
		{C0537807-457D-4810-BC1F-E591FB0AFC6C}.Debug|Any CPU.Build.0 = Debug|Any CPU
		{C0537807-457D-4810-BC1F-E591FB0AFC6C}.Debug|Any CPU.Deploy.0 = Debug|Any CPU
		{C0537807-457D-4810-BC1F-E591FB0AFC6C}.Debug|iPhone.ActiveCfg = Debug|Any CPU
		{C0537807-457D-4810-BC1F-E591FB0AFC6C}.Debug|iPhone.Build.0 = Debug|Any CPU
		{C0537807-457D-4810-BC1F-E591FB0AFC6C}.Debug|iPhone.Deploy.0 = Debug|Any CPU
		{C0537807-457D-4810-BC1F-E591FB0AFC6C}.Debug|iPhoneSimulator.ActiveCfg = Debug|Any CPU
		{C0537807-457D-4810-BC1F-E591FB0AFC6C}.Debug|iPhoneSimulator.Build.0 = Debug|Any CPU
		{C0537807-457D-4810-BC1F-E591FB0AFC6C}.Debug|iPhoneSimulator.Deploy.0 = Debug|Any CPU
		{C0537807-457D-4810-BC1F-E591FB0AFC6C}.Release|Any CPU.ActiveCfg = Release|Any CPU
		{C0537807-457D-4810-BC1F-E591FB0AFC6C}.Release|Any CPU.Build.0 = Release|Any CPU
		{C0537807-457D-4810-BC1F-E591FB0AFC6C}.Release|Any CPU.Deploy.0 = Release|Any CPU
		{C0537807-457D-4810-BC1F-E591FB0AFC6C}.Release|iPhone.ActiveCfg = Release|Any CPU
		{C0537807-457D-4810-BC1F-E591FB0AFC6C}.Release|iPhone.Build.0 = Release|Any CPU
		{C0537807-457D-4810-BC1F-E591FB0AFC6C}.Release|iPhone.Deploy.0 = Release|Any CPU
		{C0537807-457D-4810-BC1F-E591FB0AFC6C}.Release|iPhoneSimulator.ActiveCfg = Release|Any CPU
		{C0537807-457D-4810-BC1F-E591FB0AFC6C}.Release|iPhoneSimulator.Build.0 = Release|Any CPU
		{C0537807-457D-4810-BC1F-E591FB0AFC6C}.Release|iPhoneSimulator.Deploy.0 = Release|Any CPU
	EndGlobalSection
	GlobalSection(SolutionProperties) = preSolution
		HideSolutionNode = FALSE
	EndGlobalSection
	GlobalSection(ExtensibilityGlobals) = postSolution
		SolutionGuid = {600EECD3-1CD2-48E4-97E4-BC0E66373174}
	EndGlobalSection
EndGlobal
